
Microsoft Visual Studio Solution File, Format Version 12.00
# Visual Studio Version 16
VisualStudioVersion = 16.0.30804.86
MinimumVisualStudioVersion = 10.0.40219.1
Project("{FAE04EC0-301F-11D3-BF4B-00C04F79EFBC}") = "LoginTestApp", "LoginTestApp\LoginTestApp.csproj", "{17613363-BF34-4833-928D-5C28B3BE7CB8}"
EndProject
Global
	GlobalSection(SolutionConfigurationPlatforms) = preSolution
		Debug|Any CPU = Debug|Any CPU
		Release|Any CPU = Release|Any CPU
	EndGlobalSection
	GlobalSection(ProjectConfigurationPlatforms) = postSolution
		{17613363-BF34-4833-928D-5C28B3BE7CB8}.Debug|Any CPU.ActiveCfg = Debug|Any CPU
		{17613363-BF34-4833-928D-5C28B3BE7CB8}.Debug|Any CPU.Build.0 = Debug|Any CPU
		{17613363-BF34-4833-928D-5C28B3BE7CB8}.Release|Any CPU.ActiveCfg = Release|Any CPU
		{17613363-BF34-4833-928D-5C28B3BE7CB8}.Release|Any CPU.Build.0 = Release|Any CPU
	EndGlobalSection
	GlobalSection(SolutionProperties) = preSolution
		HideSolutionNode = FALSE
	EndGlobalSection
	GlobalSection(ExtensibilityGlobals) = postSolution
		SolutionGuid = {321266E5-185F-43C4-A375-8C5052C2CB4D}
	EndGlobalSection
EndGlobal
